
Microsoft Visual Studio Solution File, Format Version 12.00
# Visual Studio Version 18
VisualStudioVersion = 18.6.11716.218 insiders
MinimumVisualStudioVersion = 10.0.40219.1
Project("{FAE04EC0-301F-11D3-BF4B-00C04F79EFBC}") = "Tide.Asgard.AspNetCore.Authentication", "Tide.Asgard.AspNetCore\Tide.Asgard.AspNetCore.Authentication.csproj", "{4171C518-978A-4216-82CD-21AB3C72C9B3}"
EndProject
Project("{FAE04EC0-301F-11D3-BF4B-00C04F79EFBC}") = "Tide.Asgard.AspNetCore.Example", "Tide.Asgard.AspNetCore.Example\Tide.Asgard.AspNetCore.Example.csproj", "{B8BA545B-5D5A-4716-BE8A-69323274FE11}"
EndProject
Project("{FAE04EC0-301F-11D3-BF4B-00C04F79EFBC}") = "Tide.Asgard.Core", "Tide.Asgard.Core\Tide.Asgard.Core.csproj", "{5F7FBDFC-CD73-40EC-9DBE-AD0D90462F5D}"
EndProject
Project("{FAE04EC0-301F-11D3-BF4B-00C04F79EFBC}") = "Tide.Asgard.AspNetCore.DPoP", "Tide.Asgard.AspNetCore.DPoP\Tide.Asgard.AspNetCore.DPoP.csproj", "{358316E8-6411-4737-9538-FAC7DE3B9383}"
EndProject
Global
	GlobalSection(SolutionConfigurationPlatforms) = preSolution
		Debug|Any CPU = Debug|Any CPU
		Release|Any CPU = Release|Any CPU
	EndGlobalSection
	GlobalSection(ProjectConfigurationPlatforms) = postSolution
		{4171C518-978A-4216-82CD-21AB3C72C9B3}.Debug|Any CPU.ActiveCfg = Debug|Any CPU
		{4171C518-978A-4216-82CD-21AB3C72C9B3}.Debug|Any CPU.Build.0 = Debug|Any CPU
		{4171C518-978A-4216-82CD-21AB3C72C9B3}.Release|Any CPU.ActiveCfg = Release|Any CPU
		{4171C518-978A-4216-82CD-21AB3C72C9B3}.Release|Any CPU.Build.0 = Release|Any CPU
		{B8BA545B-5D5A-4716-BE8A-69323274FE11}.Debug|Any CPU.ActiveCfg = Debug|Any CPU
		{B8BA545B-5D5A-4716-BE8A-69323274FE11}.Debug|Any CPU.Build.0 = Debug|Any CPU
		{B8BA545B-5D5A-4716-BE8A-69323274FE11}.Release|Any CPU.ActiveCfg = Release|Any CPU
		{B8BA545B-5D5A-4716-BE8A-69323274FE11}.Release|Any CPU.Build.0 = Release|Any CPU
		{5F7FBDFC-CD73-40EC-9DBE-AD0D90462F5D}.Debug|Any CPU.ActiveCfg = Debug|Any CPU
		{5F7FBDFC-CD73-40EC-9DBE-AD0D90462F5D}.Debug|Any CPU.Build.0 = Debug|Any CPU
		{5F7FBDFC-CD73-40EC-9DBE-AD0D90462F5D}.Release|Any CPU.ActiveCfg = Release|Any CPU
		{5F7FBDFC-CD73-40EC-9DBE-AD0D90462F5D}.Release|Any CPU.Build.0 = Release|Any CPU
		{358316E8-6411-4737-9538-FAC7DE3B9383}.Debug|Any CPU.ActiveCfg = Debug|Any CPU
		{358316E8-6411-4737-9538-FAC7DE3B9383}.Debug|Any CPU.Build.0 = Debug|Any CPU
		{358316E8-6411-4737-9538-FAC7DE3B9383}.Release|Any CPU.ActiveCfg = Release|Any CPU
		{358316E8-6411-4737-9538-FAC7DE3B9383}.Release|Any CPU.Build.0 = Release|Any CPU
	EndGlobalSection
	GlobalSection(SolutionProperties) = preSolution
		HideSolutionNode = FALSE
	EndGlobalSection
	GlobalSection(ExtensibilityGlobals) = postSolution
		SolutionGuid = {14B4E063-98B8-4D58-8606-4BEA0CFBB512}
	EndGlobalSection
EndGlobal
